// !$*UTF8*$!
{
	archiveVersion = 1;
	classes = {
	};
	objectVersion = 50;
	objects = {

/* Begin PBXBuildFile section */
		43AAA96CA6B830AFAAF95668 /* Pods_purinmapTests.framework in Frameworks */ = {isa = PBXBuildFile; fileRef = C2B1990D28FEA368EBEA09B6 /* Pods_purinmapTests.framework */; };
		D23516C1447CB67192522253 /* Pods_purinmapUITests.framework in Frameworks */ = {isa = PBXBuildFile; fileRef = 68C0A95D8C3DAC247CD15F16 /* Pods_purinmapUITests.framework */; };
		E017FED4AA54489D562BB7B1 /* Pods_purinmap.framework in Frameworks */ = {isa = PBXBuildFile; fileRef = 20E120650484E9BABBCE4179 /* Pods_purinmap.framework */; };
		F944DFBB2268E3BB00A6A45E /* AppDelegate.swift in Sources */ = {isa = PBXBuildFile; fileRef = F944DFBA2268E3BB00A6A45E /* AppDelegate.swift */; };
		F944DFBD2268E3BB00A6A45E /* ViewController.swift in Sources */ = {isa = PBXBuildFile; fileRef = F944DFBC2268E3BB00A6A45E /* ViewController.swift */; };
		F944DFC02268E3BB00A6A45E /* Main.storyboard in Resources */ = {isa = PBXBuildFile; fileRef = F944DFBE2268E3BB00A6A45E /* Main.storyboard */; };
		F944DFC22268E3BE00A6A45E /* Assets.xcassets in Resources */ = {isa = PBXBuildFile; fileRef = F944DFC12268E3BE00A6A45E /* Assets.xcassets */; };
		F944DFC52268E3BE00A6A45E /* LaunchScreen.storyboard in Resources */ = {isa = PBXBuildFile; fileRef = F944DFC32268E3BE00A6A45E /* LaunchScreen.storyboard */; };
		F944DFD02268E3BE00A6A45E /* purinmapTests.swift in Sources */ = {isa = PBXBuildFile; fileRef = F944DFCF2268E3BE00A6A45E /* purinmapTests.swift */; };
		F944DFDB2268E3BE00A6A45E /* purinmapUITests.swift in Sources */ = {isa = PBXBuildFile; fileRef = F944DFDA2268E3BE00A6A45E /* purinmapUITests.swift */; };
		F944DFEF226F7CAA00A6A45E /* libraryViewController.swift in Sources */ = {isa = PBXBuildFile; fileRef = F944DFEE226F7CAA00A6A45E /* libraryViewController.swift */; };
		F944DFF32270BAA200A6A45E /* mapViewController.swift in Sources */ = {isa = PBXBuildFile; fileRef = F944DFF22270BAA200A6A45E /* mapViewController.swift */; };
		F9A56AEC22757C30002EC792 /* test.png in Resources */ = {isa = PBXBuildFile; fileRef = F9A56AEB22757C30002EC792 /* test.png */; };
		F9A56AEE2278A6FA002EC792 /* map.png in Resources */ = {isa = PBXBuildFile; fileRef = F9A56AED2278A6FA002EC792 /* map.png */; };
		F9A56AF02278A70F002EC792 /* prin.png in Resources */ = {isa = PBXBuildFile; fileRef = F9A56AEF2278A70F002EC792 /* prin.png */; };
/* End PBXBuildFile section */

/* Begin PBXContainerItemProxy section */
		F944DFCC2268E3BE00A6A45E /* PBXContainerItemProxy */ = {
			isa = PBXContainerItemProxy;
			containerPortal = F944DFAF2268E3BB00A6A45E /* Project object */;
			proxyType = 1;
			remoteGlobalIDString = F944DFB62268E3BB00A6A45E;
			remoteInfo = purinmap;
		};
		F944DFD72268E3BE00A6A45E /* PBXContainerItemProxy */ = {
			isa = PBXContainerItemProxy;
			containerPortal = F944DFAF2268E3BB00A6A45E /* Project object */;
			proxyType = 1;
			remoteGlobalIDString = F944DFB62268E3BB00A6A45E;
			remoteInfo = purinmap;
		};
/* End PBXContainerItemProxy section */

/* Begin PBXFileReference section */
		022640F6A00D8E69E6FC62D7 /* Pods-purinmapTests.release.xcconfig */ = {isa = PBXFileReference; includeInIndex = 1; lastKnownFileType = text.xcconfig; name = "Pods-purinmapTests.release.xcconfig"; path = "Target Support Files/Pods-purinmapTests/Pods-purinmapTests.release.xcconfig"; sourceTree = "<group>"; };
		20E120650484E9BABBCE4179 /* Pods_purinmap.framework */ = {isa = PBXFileReference; explicitFileType = wrapper.framework; includeInIndex = 0; path = Pods_purinmap.framework; sourceTree = BUILT_PRODUCTS_DIR; };
		2582DE265AF67B4C8D1AB976 /* Pods-purinmapUITests.debug.xcconfig */ = {isa = PBXFileReference; includeInIndex = 1; lastKnownFileType = text.xcconfig; name = "Pods-purinmapUITests.debug.xcconfig"; path = "Target Support Files/Pods-purinmapUITests/Pods-purinmapUITests.debug.xcconfig"; sourceTree = "<group>"; };
		550692CD8A653361DA8CB5F9 /* Pods-purinmapTests.debug.xcconfig */ = {isa = PBXFileReference; includeInIndex = 1; lastKnownFileType = text.xcconfig; name = "Pods-purinmapTests.debug.xcconfig"; path = "Target Support Files/Pods-purinmapTests/Pods-purinmapTests.debug.xcconfig"; sourceTree = "<group>"; };
		660898B2C8F5BCEA168D8E39 /* Pods-purinmap.release.xcconfig */ = {isa = PBXFileReference; includeInIndex = 1; lastKnownFileType = text.xcconfig; name = "Pods-purinmap.release.xcconfig"; path = "Target Support Files/Pods-purinmap/Pods-purinmap.release.xcconfig"; sourceTree = "<group>"; };
		68C0A95D8C3DAC247CD15F16 /* Pods_purinmapUITests.framework */ = {isa = PBXFileReference; explicitFileType = wrapper.framework; includeInIndex = 0; path = Pods_purinmapUITests.framework; sourceTree = BUILT_PRODUCTS_DIR; };
		99780C56DC873EB915AE1ED2 /* Pods-purinmapUITests.release.xcconfig */ = {isa = PBXFileReference; includeInIndex = 1; lastKnownFileType = text.xcconfig; name = "Pods-purinmapUITests.release.xcconfig"; path = "Target Support Files/Pods-purinmapUITests/Pods-purinmapUITests.release.xcconfig"; sourceTree = "<group>"; };
		B6F2620E3C4416C199BA37DB /* Pods-purinmap.debug.xcconfig */ = {isa = PBXFileReference; includeInIndex = 1; lastKnownFileType = text.xcconfig; name = "Pods-purinmap.debug.xcconfig"; path = "Target Support Files/Pods-purinmap/Pods-purinmap.debug.xcconfig"; sourceTree = "<group>"; };
		C2B1990D28FEA368EBEA09B6 /* Pods_purinmapTests.framework */ = {isa = PBXFileReference; explicitFileType = wrapper.framework; includeInIndex = 0; path = Pods_purinmapTests.framework; sourceTree = BUILT_PRODUCTS_DIR; };
		F944DFB72268E3BB00A6A45E /* purinmap.app */ = {isa = PBXFileReference; explicitFileType = wrapper.application; includeInIndex = 0; path = purinmap.app; sourceTree = BUILT_PRODUCTS_DIR; };
		F944DFBA2268E3BB00A6A45E /* AppDelegate.swift */ = {isa = PBXFileReference; lastKnownFileType = sourcecode.swift; path = AppDelegate.swift; sourceTree = "<group>"; };
		F944DFBC2268E3BB00A6A45E /* ViewController.swift */ = {isa = PBXFileReference; lastKnownFileType = sourcecode.swift; path = ViewController.swift; sourceTree = "<group>"; };
		F944DFBF2268E3BB00A6A45E /* Base */ = {isa = PBXFileReference; lastKnownFileType = file.storyboard; name = Base; path = Base.lproj/Main.storyboard; sourceTree = "<group>"; };
		F944DFC12268E3BE00A6A45E /* Assets.xcassets */ = {isa = PBXFileReference; lastKnownFileType = folder.assetcatalog; path = Assets.xcassets; sourceTree = "<group>"; };
		F944DFC42268E3BE00A6A45E /* Base */ = {isa = PBXFileReference; lastKnownFileType = file.storyboard; name = Base; path = Base.lproj/LaunchScreen.storyboard; sourceTree = "<group>"; };
		F944DFC62268E3BE00A6A45E /* Info.plist */ = {isa = PBXFileReference; lastKnownFileType = text.plist.xml; path = Info.plist; sourceTree = "<group>"; };
		F944DFCB2268E3BE00A6A45E /* purinmapTests.xctest */ = {isa = PBXFileReference; explicitFileType = wrapper.cfbundle; includeInIndex = 0; path = purinmapTests.xctest; sourceTree = BUILT_PRODUCTS_DIR; };
		F944DFCF2268E3BE00A6A45E /* purinmapTests.swift */ = {isa = PBXFileReference; lastKnownFileType = sourcecode.swift; path = purinmapTests.swift; sourceTree = "<group>"; };
		F944DFD12268E3BE00A6A45E /* Info.plist */ = {isa = PBXFileReference; lastKnownFileType = text.plist.xml; path = Info.plist; sourceTree = "<group>"; };
		F944DFD62268E3BE00A6A45E /* purinmapUITests.xctest */ = {isa = PBXFileReference; explicitFileType = wrapper.cfbundle; includeInIndex = 0; path = purinmapUITests.xctest; sourceTree = BUILT_PRODUCTS_DIR; };
		F944DFDA2268E3BE00A6A45E /* purinmapUITests.swift */ = {isa = PBXFileReference; lastKnownFileType = sourcecode.swift; path = purinmapUITests.swift; sourceTree = "<group>"; };
		F944DFDC2268E3BE00A6A45E /* Info.plist */ = {isa = PBXFileReference; lastKnownFileType = text.plist.xml; path = Info.plist; sourceTree = "<group>"; };
		F944DFEE226F7CAA00A6A45E /* libraryViewController.swift */ = {isa = PBXFileReference; lastKnownFileType = sourcecode.swift; path = libraryViewController.swift; sourceTree = "<group>"; };
		F944DFF22270BAA200A6A45E /* mapViewController.swift */ = {isa = PBXFileReference; lastKnownFileType = sourcecode.swift; path = mapViewController.swift; sourceTree = "<group>"; };
		F9A56AEB22757C30002EC792 /* test.png */ = {isa = PBXFileReference; lastKnownFileType = image.png; path = test.png; sourceTree = "<group>"; };
		F9A56AED2278A6FA002EC792 /* map.png */ = {isa = PBXFileReference; lastKnownFileType = image.png; name = map.png; path = ../../../Downloads/map.png; sourceTree = "<group>"; };
		F9A56AEF2278A70F002EC792 /* prin.png */ = {isa = PBXFileReference; lastKnownFileType = image.png; name = prin.png; path = ../../prin.png; sourceTree = "<group>"; };
		F9A56AF3227A0A2F002EC792 /* purinmap.xcodeproj */ = {isa = PBXFileReference; lastKnownFileType = "wrapper.pb-project"; path = purinmap.xcodeproj; sourceTree = "<group>"; };
/* End PBXFileReference section */

/* Begin PBXFrameworksBuildPhase section */
		F944DFB42268E3BB00A6A45E /* Frameworks */ = {
			isa = PBXFrameworksBuildPhase;
			buildActionMask = 2147483647;
			files = (
				E017FED4AA54489D562BB7B1 /* Pods_purinmap.framework in Frameworks */,
			);
			runOnlyForDeploymentPostprocessing = 0;
		};
		F944DFC82268E3BE00A6A45E /* Frameworks */ = {
			isa = PBXFrameworksBuildPhase;
			buildActionMask = 2147483647;
			files = (
				43AAA96CA6B830AFAAF95668 /* Pods_purinmapTests.framework in Frameworks */,
			);
			runOnlyForDeploymentPostprocessing = 0;
		};
		F944DFD32268E3BE00A6A45E /* Frameworks */ = {
			isa = PBXFrameworksBuildPhase;
			buildActionMask = 2147483647;
			files = (
				D23516C1447CB67192522253 /* Pods_purinmapUITests.framework in Frameworks */,
			);
			runOnlyForDeploymentPostprocessing = 0;
		};
/* End PBXFrameworksBuildPhase section */

/* Begin PBXGroup section */
		84405F01CF88BEAF01F33BB0 /* Pods */ = {
			isa = PBXGroup;
			children = (
				B6F2620E3C4416C199BA37DB /* Pods-purinmap.debug.xcconfig */,
				660898B2C8F5BCEA168D8E39 /* Pods-purinmap.release.xcconfig */,
				550692CD8A653361DA8CB5F9 /* Pods-purinmapTests.debug.xcconfig */,
				022640F6A00D8E69E6FC62D7 /* Pods-purinmapTests.release.xcconfig */,
				2582DE265AF67B4C8D1AB976 /* Pods-purinmapUITests.debug.xcconfig */,
				99780C56DC873EB915AE1ED2 /* Pods-purinmapUITests.release.xcconfig */,
			);
			name = Pods;
			path = Pods;
			sourceTree = "<group>";
		};
		F944DFAE2268E3BB00A6A45E = {
			isa = PBXGroup;
			children = (
				F944DFB92268E3BB00A6A45E /* purinmap */,
				F944DFCE2268E3BE00A6A45E /* purinmapTests */,
				F944DFD92268E3BE00A6A45E /* purinmapUITests */,
				F944DFB82268E3BB00A6A45E /* Products */,
				F9A56AF2227A0A2F002EC792 /* Frameworks */,
				84405F01CF88BEAF01F33BB0 /* Pods */,
			);
			sourceTree = "<group>";
		};
		F944DFB82268E3BB00A6A45E /* Products */ = {
			isa = PBXGroup;
			children = (
				F944DFB72268E3BB00A6A45E /* purinmap.app */,
				F944DFCB2268E3BE00A6A45E /* purinmapTests.xctest */,
				F944DFD62268E3BE00A6A45E /* purinmapUITests.xctest */,
			);
			name = Products;
			sourceTree = "<group>";
		};
		F944DFB92268E3BB00A6A45E /* purinmap */ = {
			isa = PBXGroup;
			children = (
				F944DFBA2268E3BB00A6A45E /* AppDelegate.swift */,
				F944DFBC2268E3BB00A6A45E /* ViewController.swift */,
				F944DFEE226F7CAA00A6A45E /* libraryViewController.swift */,
				F944DFF22270BAA200A6A45E /* mapViewController.swift */,
				F9A56AEB22757C30002EC792 /* test.png */,
				F9A56AEF2278A70F002EC792 /* prin.png */,
				F9A56AED2278A6FA002EC792 /* map.png */,
				F944DFBE2268E3BB00A6A45E /* Main.storyboard */,
				F944DFC12268E3BE00A6A45E /* Assets.xcassets */,
				F944DFC32268E3BE00A6A45E /* LaunchScreen.storyboard */,
				F944DFC62268E3BE00A6A45E /* Info.plist */,
			);
			path = purinmap;
			sourceTree = "<group>";
		};
		F944DFCE2268E3BE00A6A45E /* purinmapTests */ = {
			isa = PBXGroup;
			children = (
				F944DFCF2268E3BE00A6A45E /* purinmapTests.swift */,
				F944DFD12268E3BE00A6A45E /* Info.plist */,
			);
			path = purinmapTests;
			sourceTree = "<group>";
		};
		F944DFD92268E3BE00A6A45E /* purinmapUITests */ = {
			isa = PBXGroup;
			children = (
				F944DFDA2268E3BE00A6A45E /* purinmapUITests.swift */,
				F944DFDC2268E3BE00A6A45E /* Info.plist */,
			);
			path = purinmapUITests;
			sourceTree = "<group>";
		};
		F9A56AF2227A0A2F002EC792 /* Frameworks */ = {
			isa = PBXGroup;
			children = (
				F9A56AF3227A0A2F002EC792 /* purinmap.xcodeproj */,
				20E120650484E9BABBCE4179 /* Pods_purinmap.framework */,
				C2B1990D28FEA368EBEA09B6 /* Pods_purinmapTests.framework */,
				68C0A95D8C3DAC247CD15F16 /* Pods_purinmapUITests.framework */,
			);
			name = Frameworks;
			sourceTree = "<group>";
		};
		F9A56AF4227A0A2F002EC792 /* Products */ = {
			isa = PBXGroup;
			children = (
			);
			name = Products;
			sourceTree = "<group>";
		};
/* End PBXGroup section */

/* Begin PBXNativeTarget section */
		F944DFB62268E3BB00A6A45E /* purinmap */ = {
			isa = PBXNativeTarget;
			buildConfigurationList = F944DFDF2268E3BE00A6A45E /* Build configuration list for PBXNativeTarget "purinmap" */;
			buildPhases = (
				5B1B277415D9E2A05694142E /* [CP] Check Pods Manifest.lock */,
				F944DFB32268E3BB00A6A45E /* Sources */,
				F944DFB42268E3BB00A6A45E /* Frameworks */,
				F944DFB52268E3BB00A6A45E /* Resources */,
			);
			buildRules = (
			);
			dependencies = (
			);
			name = purinmap;
			productName = purinmap;
			productReference = F944DFB72268E3BB00A6A45E /* purinmap.app */;
			productType = "com.apple.product-type.application";
		};
		F944DFCA2268E3BE00A6A45E /* purinmapTests */ = {
			isa = PBXNativeTarget;
			buildConfigurationList = F944DFE22268E3BE00A6A45E /* Build configuration list for PBXNativeTarget "purinmapTests" */;
			buildPhases = (
				EFC6E7DFB007AFD4B881DD86 /* [CP] Check Pods Manifest.lock */,
				F944DFC72268E3BE00A6A45E /* Sources */,
				F944DFC82268E3BE00A6A45E /* Frameworks */,
				F944DFC92268E3BE00A6A45E /* Resources */,
			);
			buildRules = (
			);
			dependencies = (
				F944DFCD2268E3BE00A6A45E /* PBXTargetDependency */,
			);
			name = purinmapTests;
			productName = purinmapTests;
			productReference = F944DFCB2268E3BE00A6A45E /* purinmapTests.xctest */;
			productType = "com.apple.product-type.bundle.unit-test";
		};
		F944DFD52268E3BE00A6A45E /* purinmapUITests */ = {
			isa = PBXNativeTarget;
			buildConfigurationList = F944DFE52268E3BE00A6A45E /* Build configuration list for PBXNativeTarget "purinmapUITests" */;
			buildPhases = (
				EDCC7D6A1F65FD071DDE0CED /* [CP] Check Pods Manifest.lock */,
				F944DFD22268E3BE00A6A45E /* Sources */,
				F944DFD32268E3BE00A6A45E /* Frameworks */,
				F944DFD42268E3BE00A6A45E /* Resources */,
			);
			buildRules = (
			);
			dependencies = (
				F944DFD82268E3BE00A6A45E /* PBXTargetDependency */,
			);
			name = purinmapUITests;
			productName = purinmapUITests;
			productReference = F944DFD62268E3BE00A6A45E /* purinmapUITests.xctest */;
			productType = "com.apple.product-type.bundle.ui-testing";
		};
/* End PBXNativeTarget section */

/* Begin PBXProject section */
		F944DFAF2268E3BB00A6A45E /* Project object */ = {
			isa = PBXProject;
			attributes = {
				LastSwiftUpdateCheck = 1020;
				LastUpgradeCheck = 1020;
				ORGANIZATIONNAME = litech;
				TargetAttributes = {
					F944DFB62268E3BB00A6A45E = {
						CreatedOnToolsVersion = 10.2;
					};
					F944DFCA2268E3BE00A6A45E = {
						CreatedOnToolsVersion = 10.2;
						TestTargetID = F944DFB62268E3BB00A6A45E;
					};
					F944DFD52268E3BE00A6A45E = {
						CreatedOnToolsVersion = 10.2;
						TestTargetID = F944DFB62268E3BB00A6A45E;
					};
				};
			};
			buildConfigurationList = F944DFB22268E3BB00A6A45E /* Build configuration list for PBXProject "purinmap" */;
			compatibilityVersion = "Xcode 9.3";
			developmentRegion = en;
			hasScannedForEncodings = 0;
			knownRegions = (
				en,
				Base,
			);
			mainGroup = F944DFAE2268E3BB00A6A45E;
			productRefGroup = F944DFB82268E3BB00A6A45E /* Products */;
			projectDirPath = "";
			projectReferences = (
				{
					ProductGroup = F9A56AF4227A0A2F002EC792 /* Products */;
					ProjectRef = F9A56AF3227A0A2F002EC792 /* purinmap.xcodeproj */;
				},
			);
			projectRoot = "";
			targets = (
				F944DFB62268E3BB00A6A45E /* purinmap */,
				F944DFCA2268E3BE00A6A45E /* purinmapTests */,
				F944DFD52268E3BE00A6A45E /* purinmapUITests */,
			);
		};
/* End PBXProject section */

/* Begin PBXResourcesBuildPhase section */
		F944DFB52268E3BB00A6A45E /* Resources */ = {
			isa = PBXResourcesBuildPhase;
			buildActionMask = 2147483647;
			files = (
				F9A56AEE2278A6FA002EC792 /* map.png in Resources */,
				F944DFC52268E3BE00A6A45E /* LaunchScreen.storyboard in Resources */,
				F9A56AF02278A70F002EC792 /* prin.png in Resources */,
				F944DFC22268E3BE00A6A45E /* Assets.xcassets in Resources */,
				F9A56AEC22757C30002EC792 /* test.png in Resources */,
				F944DFC02268E3BB00A6A45E /* Main.storyboard in Resources */,
			);
			runOnlyForDeploymentPostprocessing = 0;
		};
		F944DFC92268E3BE00A6A45E /* Resources */ = {
			isa = PBXResourcesBuildPhase;
			buildActionMask = 2147483647;
			files = (
			);
			runOnlyForDeploymentPostprocessing = 0;
		};
		F944DFD42268E3BE00A6A45E /* Resources */ = {
			isa = PBXResourcesBuildPhase;
			buildActionMask = 2147483647;
			files = (
			);
			runOnlyForDeploymentPostprocessing = 0;
		};
/* End PBXResourcesBuildPhase section */

/* Begin PBXShellScriptBuildPhase section */
		5B1B277415D9E2A05694142E /* [CP] Check Pods Manifest.lock */ = {
			isa = PBXShellScriptBuildPhase;
			buildActionMask = 2147483647;
			files = (
			);
			inputFileListPaths = (
			);
			inputPaths = (
				"${PODS_PODFILE_DIR_PATH}/Podfile.lock",
				"${PODS_ROOT}/Manifest.lock",
			);
			name = "[CP] Check Pods Manifest.lock";
			outputFileListPaths = (
			);
			outputPaths = (
				"$(DERIVED_FILE_DIR)/Pods-purinmap-checkManifestLockResult.txt",
			);
			runOnlyForDeploymentPostprocessing = 0;
			shellPath = /bin/sh;
			shellScript = "diff \"${PODS_PODFILE_DIR_PATH}/Podfile.lock\" \"${PODS_ROOT}/Manifest.lock\" > /dev/null\nif [ $? != 0 ] ; then\n    # print error to STDERR\n    echo \"error: The sandbox is not in sync with the Podfile.lock. Run 'pod install' or update your CocoaPods installation.\" >&2\n    exit 1\nfi\n# This output is used by Xcode 'outputs' to avoid re-running this script phase.\necho \"SUCCESS\" > \"${SCRIPT_OUTPUT_FILE_0}\"\n";
			showEnvVarsInLog = 0;
		};
		EDCC7D6A1F65FD071DDE0CED /* [CP] Check Pods Manifest.lock */ = {
			isa = PBXShellScriptBuildPhase;
			buildActionMask = 2147483647;
			files = (
			);
			inputFileListPaths = (
			);
			inputPaths = (
				"${PODS_PODFILE_DIR_PATH}/Podfile.lock",
				"${PODS_ROOT}/Manifest.lock",
			);
			name = "[CP] Check Pods Manifest.lock";
			outputFileListPaths = (
			);
			outputPaths = (
				"$(DERIVED_FILE_DIR)/Pods-purinmapUITests-checkManifestLockResult.txt",
			);
			runOnlyForDeploymentPostprocessing = 0;
			shellPath = /bin/sh;
			shellScript = "diff \"${PODS_PODFILE_DIR_PATH}/Podfile.lock\" \"${PODS_ROOT}/Manifest.lock\" > /dev/null\nif [ $? != 0 ] ; then\n    # print error to STDERR\n    echo \"error: The sandbox is not in sync with the Podfile.lock. Run 'pod install' or update your CocoaPods installation.\" >&2\n    exit 1\nfi\n# This output is used by Xcode 'outputs' to avoid re-running this script phase.\necho \"SUCCESS\" > \"${SCRIPT_OUTPUT_FILE_0}\"\n";
			showEnvVarsInLog = 0;
		};
		EFC6E7DFB007AFD4B881DD86 /* [CP] Check Pods Manifest.lock */ = {
			isa = PBXShellScriptBuildPhase;
			buildActionMask = 2147483647;
			files = (
			);
			inputFileListPaths = (
			);
			inputPaths = (
				"${PODS_PODFILE_DIR_PATH}/Podfile.lock",
				"${PODS_ROOT}/Manifest.lock",
			);
			name = "[CP] Check Pods Manifest.lock";
			outputFileListPaths = (
			);
			outputPaths = (
				"$(DERIVED_FILE_DIR)/Pods-purinmapTests-checkManifestLockResult.txt",
			);
			runOnlyForDeploymentPostprocessing = 0;
			shellPath = /bin/sh;
			shellScript = "diff \"${PODS_PODFILE_DIR_PATH}/Podfile.lock\" \"${PODS_ROOT}/Manifest.lock\" > /dev/null\nif [ $? != 0 ] ; then\n    # print error to STDERR\n    echo \"error: The sandbox is not in sync with the Podfile.lock. Run 'pod install' or update your CocoaPods installation.\" >&2\n    exit 1\nfi\n# This output is used by Xcode 'outputs' to avoid re-running this script phase.\necho \"SUCCESS\" > \"${SCRIPT_OUTPUT_FILE_0}\"\n";
			showEnvVarsInLog = 0;
		};
/* End PBXShellScriptBuildPhase section */

/* Begin PBXSourcesBuildPhase section */
		F944DFB32268E3BB00A6A45E /* Sources */ = {
			isa = PBXSourcesBuildPhase;
			buildActionMask = 2147483647;
			files = (
				F944DFEF226F7CAA00A6A45E /* libraryViewController.swift in Sources */,
				F944DFBD2268E3BB00A6A45E /* ViewController.swift in Sources */,
				F944DFBB2268E3BB00A6A45E /* AppDelegate.swift in Sources */,
				F944DFF32270BAA200A6A45E /* mapViewController.swift in Sources */,
			);
			runOnlyForDeploymentPostprocessing = 0;
		};
		F944DFC72268E3BE00A6A45E /* Sources */ = {
			isa = PBXSourcesBuildPhase;
			buildActionMask = 2147483647;
			files = (
				F944DFD02268E3BE00A6A45E /* purinmapTests.swift in Sources */,
			);
			runOnlyForDeploymentPostprocessing = 0;
		};
		F944DFD22268E3BE00A6A45E /* Sources */ = {
			isa = PBXSourcesBuildPhase;
			buildActionMask = 2147483647;
			files = (
				F944DFDB2268E3BE00A6A45E /* purinmapUITests.swift in Sources */,
			);
			runOnlyForDeploymentPostprocessing = 0;
		};
/* End PBXSourcesBuildPhase section */

/* Begin PBXTargetDependency section */
		F944DFCD2268E3BE00A6A45E /* PBXTargetDependency */ = {
			isa = PBXTargetDependency;
			target = F944DFB62268E3BB00A6A45E /* purinmap */;
			targetProxy = F944DFCC2268E3BE00A6A45E /* PBXContainerItemProxy */;
		};
		F944DFD82268E3BE00A6A45E /* PBXTargetDependency */ = {
			isa = PBXTargetDependency;
			target = F944DFB62268E3BB00A6A45E /* purinmap */;
			targetProxy = F944DFD72268E3BE00A6A45E /* PBXContainerItemProxy */;
		};
/* End PBXTargetDependency section */

/* Begin PBXVariantGroup section */
		F944DFBE2268E3BB00A6A45E /* Main.storyboard */ = {
			isa = PBXVariantGroup;
			children = (
				F944DFBF2268E3BB00A6A45E /* Base */,
			);
			name = Main.storyboard;
			sourceTree = "<group>";
		};
		F944DFC32268E3BE00A6A45E /* LaunchScreen.storyboard */ = {
			isa = PBXVariantGroup;
			children = (
				F944DFC42268E3BE00A6A45E /* Base */,
			);
			name = LaunchScreen.storyboard;
			sourceTree = "<group>";
		};
/* End PBXVariantGroup section */

/* Begin XCBuildConfiguration section */
		F944DFDD2268E3BE00A6A45E /* Debug */ = {
			isa = XCBuildConfiguration;
			buildSettings = {
				ALWAYS_SEARCH_USER_PATHS = NO;
				CLANG_ANALYZER_NONNULL = YES;
				CLANG_ANALYZER_NUMBER_OBJECT_CONVERSION = YES_AGGRESSIVE;
				CLANG_CXX_LANGUAGE_STANDARD = "gnu++14";
				CLANG_CXX_LIBRARY = "libc++";
				CLANG_ENABLE_MODULES = YES;
				CLANG_ENABLE_OBJC_ARC = YES;
				CLANG_ENABLE_OBJC_WEAK = YES;
				CLANG_WARN_BLOCK_CAPTURE_AUTORELEASING = YES;
				CLANG_WARN_BOOL_CONVERSION = YES;
				CLANG_WARN_COMMA = YES;
				CLANG_WARN_CONSTANT_CONVERSION = YES;
				CLANG_WARN_DEPRECATED_OBJC_IMPLEMENTATIONS = YES;
				CLANG_WARN_DIRECT_OBJC_ISA_USAGE = YES_ERROR;
				CLANG_WARN_DOCUMENTATION_COMMENTS = YES;
				CLANG_WARN_EMPTY_BODY = YES;
				CLANG_WARN_ENUM_CONVERSION = YES;
				CLANG_WARN_INFINITE_RECURSION = YES;
				CLANG_WARN_INT_CONVERSION = YES;
				CLANG_WARN_NON_LITERAL_NULL_CONVERSION = YES;
				CLANG_WARN_OBJC_IMPLICIT_RETAIN_SELF = YES;
				CLANG_WARN_OBJC_LITERAL_CONVERSION = YES;
				CLANG_WARN_OBJC_ROOT_CLASS = YES_ERROR;
				CLANG_WARN_RANGE_LOOP_ANALYSIS = YES;
				CLANG_WARN_STRICT_PROTOTYPES = YES;
				CLANG_WARN_SUSPICIOUS_MOVE = YES;
				CLANG_WARN_UNGUARDED_AVAILABILITY = YES_AGGRESSIVE;
				CLANG_WARN_UNREACHABLE_CODE = YES;
				CLANG_WARN__DUPLICATE_METHOD_MATCH = YES;
				CODE_SIGN_IDENTITY = "iPhone Developer";
				COPY_PHASE_STRIP = NO;
				DEBUG_INFORMATION_FORMAT = dwarf;
				ENABLE_STRICT_OBJC_MSGSEND = YES;
				ENABLE_TESTABILITY = YES;
				GCC_C_LANGUAGE_STANDARD = gnu11;
				GCC_DYNAMIC_NO_PIC = NO;
				GCC_NO_COMMON_BLOCKS = YES;
				GCC_OPTIMIZATION_LEVEL = 0;
				GCC_PREPROCESSOR_DEFINITIONS = (
					"DEBUG=1",
					"$(inherited)",
				);
				GCC_WARN_64_TO_32_BIT_CONVERSION = YES;
				GCC_WARN_ABOUT_RETURN_TYPE = YES_ERROR;
				GCC_WARN_UNDECLARED_SELECTOR = YES;
				GCC_WARN_UNINITIALIZED_AUTOS = YES_AGGRESSIVE;
				GCC_WARN_UNUSED_FUNCTION = YES;
				GCC_WARN_UNUSED_VARIABLE = YES;
				IPHONEOS_DEPLOYMENT_TARGET = 12.2;
				MTL_ENABLE_DEBUG_INFO = INCLUDE_SOURCE;
				MTL_FAST_MATH = YES;
				ONLY_ACTIVE_ARCH = YES;
				SDKROOT = iphoneos;
				SWIFT_ACTIVE_COMPILATION_CONDITIONS = DEBUG;
				SWIFT_OPTIMIZATION_LEVEL = "-Onone";
			};
			name = Debug;
		};
		F944DFDE2268E3BE00A6A45E /* Release */ = {
			isa = XCBuildConfiguration;
			buildSettings = {
				ALWAYS_SEARCH_USER_PATHS = NO;
				CLANG_ANALYZER_NONNULL = YES;
				CLANG_ANALYZER_NUMBER_OBJECT_CONVERSION = YES_AGGRESSIVE;
				CLANG_CXX_LANGUAGE_STANDARD = "gnu++14";
				CLANG_CXX_LIBRARY = "libc++";
				CLANG_ENABLE_MODULES = YES;
				CLANG_ENABLE_OBJC_ARC = YES;
				CLANG_ENABLE_OBJC_WEAK = YES;
				CLANG_WARN_BLOCK_CAPTURE_AUTORELEASING = YES;
				CLANG_WARN_BOOL_CONVERSION = YES;
				CLANG_WARN_COMMA = YES;
				CLANG_WARN_CONSTANT_CONVERSION = YES;
				CLANG_WARN_DEPRECATED_OBJC_IMPLEMENTATIONS = YES;
				CLANG_WARN_DIRECT_OBJC_ISA_USAGE = YES_ERROR;
				CLANG_WARN_DOCUMENTATION_COMMENTS = YES;
				CLANG_WARN_EMPTY_BODY = YES;
				CLANG_WARN_ENUM_CONVERSION = YES;
				CLANG_WARN_INFINITE_RECURSION = YES;
				CLANG_WARN_INT_CONVERSION = YES;
				CLANG_WARN_NON_LITERAL_NULL_CONVERSION = YES;
				CLANG_WARN_OBJC_IMPLICIT_RETAIN_SELF = YES;
				CLANG_WARN_OBJC_LITERAL_CONVERSION = YES;
				CLANG_WARN_OBJC_ROOT_CLASS = YES_ERROR;
				CLANG_WARN_RANGE_LOOP_ANALYSIS = YES;
				CLANG_WARN_STRICT_PROTOTYPES = YES;
				CLANG_WARN_SUSPICIOUS_MOVE = YES;
				CLANG_WARN_UNGUARDED_AVAILABILITY = YES_AGGRESSIVE;
				CLANG_WARN_UNREACHABLE_CODE = YES;
				CLANG_WARN__DUPLICATE_METHOD_MATCH = YES;
				CODE_SIGN_IDENTITY = "iPhone Developer";
				COPY_PHASE_STRIP = NO;
				DEBUG_INFORMATION_FORMAT = "dwarf-with-dsym";
				ENABLE_NS_ASSERTIONS = NO;
				ENABLE_STRICT_OBJC_MSGSEND = YES;
				GCC_C_LANGUAGE_STANDARD = gnu11;
				GCC_NO_COMMON_BLOCKS = YES;
				GCC_WARN_64_TO_32_BIT_CONVERSION = YES;
				GCC_WARN_ABOUT_RETURN_TYPE = YES_ERROR;
				GCC_WARN_UNDECLARED_SELECTOR = YES;
				GCC_WARN_UNINITIALIZED_AUTOS = YES_AGGRESSIVE;
				GCC_WARN_UNUSED_FUNCTION = YES;
				GCC_WARN_UNUSED_VARIABLE = YES;
				IPHONEOS_DEPLOYMENT_TARGET = 12.2;
				MTL_ENABLE_DEBUG_INFO = NO;
				MTL_FAST_MATH = YES;
				SDKROOT = iphoneos;
				SWIFT_COMPILATION_MODE = wholemodule;
				SWIFT_OPTIMIZATION_LEVEL = "-O";
				VALIDATE_PRODUCT = YES;
			};
			name = Release;
		};
		F944DFE02268E3BE00A6A45E /* Debug */ = {
			isa = XCBuildConfiguration;
			baseConfigurationReference = B6F2620E3C4416C199BA37DB /* Pods-purinmap.debug.xcconfig */;
			buildSettings = {
				ASSETCATALOG_COMPILER_APPICON_NAME = AppIcon;
				CODE_SIGN_IDENTITY = "iPhone Developer";
				CODE_SIGN_STYLE = Automatic;
				DEVELOPMENT_TEAM = 9PRS99ML5M;
				INFOPLIST_FILE = purinmap/Info.plist;
				IPHONEOS_DEPLOYMENT_TARGET = 12.2;
				LD_RUNPATH_SEARCH_PATHS = (
					"$(inherited)",
					"@executable_path/Frameworks",
				);
				PRODUCT_BUNDLE_IDENTIFIER = com.litech.purinmap;
				PRODUCT_NAME = "$(TARGET_NAME)";
				PROVISIONING_PROFILE_SPECIFIER = "";
				SWIFT_VERSION = 5.0;
				TARGETED_DEVICE_FAMILY = "1,2";
			};
			name = Debug;
		};
		F944DFE12268E3BE00A6A45E /* Release */ = {
			isa = XCBuildConfiguration;
			baseConfigurationReference = 660898B2C8F5BCEA168D8E39 /* Pods-purinmap.release.xcconfig */;
			buildSettings = {
				ASSETCATALOG_COMPILER_APPICON_NAME = AppIcon;
				CODE_SIGN_IDENTITY = "iPhone Developer";
				CODE_SIGN_STYLE = Automatic;
				DEVELOPMENT_TEAM = 9PRS99ML5M;
				INFOPLIST_FILE = purinmap/Info.plist;
				IPHONEOS_DEPLOYMENT_TARGET = 12.2;
				LD_RUNPATH_SEARCH_PATHS = (
					"$(inherited)",
					"@executable_path/Frameworks",
				);
				PRODUCT_BUNDLE_IDENTIFIER = com.litech.purinmap;
				PRODUCT_NAME = "$(TARGET_NAME)";
				PROVISIONING_PROFILE_SPECIFIER = "";
				SWIFT_VERSION = 5.0;
				TARGETED_DEVICE_FAMILY = "1,2";
			};
			name = Release;
		};
		F944DFE32268E3BE00A6A45E /* Debug */ = {
			isa = XCBuildConfiguration;
			baseConfigurationReference = 550692CD8A653361DA8CB5F9 /* Pods-purinmapTests.debug.xcconfig */;
			buildSettings = {
				ALWAYS_EMBED_SWIFT_STANDARD_LIBRARIES = YES;
				BUNDLE_LOADER = "$(TEST_HOST)";
				CODE_SIGN_STYLE = Automatic;
				DEVELOPMENT_TEAM = 9PRS99ML5M;
				INFOPLIST_FILE = purinmapTests/Info.plist;
				LD_RUNPATH_SEARCH_PATHS = (
					"$(inherited)",
					"@executable_path/Frameworks",
					"@loader_path/Frameworks",
				);
				PRODUCT_BUNDLE_IDENTIFIER = com.litech.purinmapTests;
				PRODUCT_NAME = "$(TARGET_NAME)";
				SWIFT_VERSION = 5.0;
				TARGETED_DEVICE_FAMILY = "1,2";
				TEST_HOST = "$(BUILT_PRODUCTS_DIR)/purinmap.app/purinmap";
			};
			name = Debug;
		};
		F944DFE42268E3BE00A6A45E /* Release */ = {
			isa = XCBuildConfiguration;
			baseConfigurationReference = 022640F6A00D8E69E6FC62D7 /* Pods-purinmapTests.release.xcconfig */;
			buildSettings = {
				ALWAYS_EMBED_SWIFT_STANDARD_LIBRARIES = YES;
				BUNDLE_LOADER = "$(TEST_HOST)";
				CODE_SIGN_STYLE = Automatic;
				DEVELOPMENT_TEAM = 9PRS99ML5M;
				INFOPLIST_FILE = purinmapTests/Info.plist;
				LD_RUNPATH_SEARCH_PATHS = (
					"$(inherited)",
					"@executable_path/Frameworks",
					"@loader_path/Frameworks",
				);
				PRODUCT_BUNDLE_IDENTIFIER = com.litech.purinmapTests;
				PRODUCT_NAME = "$(TARGET_NAME)";
				SWIFT_VERSION = 5.0;
				TARGETED_DEVICE_FAMILY = "1,2";
				TEST_HOST = "$(BUILT_PRODUCTS_DIR)/purinmap.app/purinmap";
			};
			name = Release;
		};
		F944DFE62268E3BE00A6A45E /* Debug */ = {
			isa = XCBuildConfiguration;
			baseConfigurationReference = 2582DE265AF67B4C8D1AB976 /* Pods-purinmapUITests.debug.xcconfig */;
			buildSettings = {
				ALWAYS_EMBED_SWIFT_STANDARD_LIBRARIES = YES;
				CODE_SIGN_STYLE = Automatic;
				DEVELOPMENT_TEAM = 9PRS99ML5M;
				INFOPLIST_FILE = purinmapUITests/Info.plist;
				LD_RUNPATH_SEARCH_PATHS = (
					"$(inherited)",
					"@executable_path/Frameworks",
					"@loader_path/Frameworks",
				);
				PRODUCT_BUNDLE_IDENTIFIER = com.litech.purinmapUITests;
				PRODUCT_NAME = "$(TARGET_NAME)";
				SWIFT_VERSION = 5.0;
				TARGETED_DEVICE_FAMILY = "1,2";
				TEST_TARGET_NAME = purinmap;
			};
			name = Debug;
		};
		F944DFE72268E3BE00A6A45E /* Release */ = {
			isa = XCBuildConfiguration;
			baseConfigurationReference = 99780C56DC873EB915AE1ED2 /* Pods-purinmapUITests.release.xcconfig */;
			buildSettings = {
				ALWAYS_EMBED_SWIFT_STANDARD_LIBRARIES = YES;
				CODE_SIGN_STYLE = Automatic;
				DEVELOPMENT_TEAM = 9PRS99ML5M;
				INFOPLIST_FILE = purinmapUITests/Info.plist;
				LD_RUNPATH_SEARCH_PATHS = (
					"$(inherited)",
					"@executable_path/Frameworks",
					"@loader_path/Frameworks",
				);
				PRODUCT_BUNDLE_IDENTIFIER = com.litech.purinmapUITests;
				PRODUCT_NAME = "$(TARGET_NAME)";
				SWIFT_VERSION = 5.0;
				TARGETED_DEVICE_FAMILY = "1,2";
				TEST_TARGET_NAME = purinmap;
			};
			name = Release;
		};
/* End XCBuildConfiguration section */

/* Begin XCConfigurationList section */
		F944DFB22268E3BB00A6A45E /* Build configuration list for PBXProject "purinmap" */ = {
			isa = XCConfigurationList;
			buildConfigurations = (
				F944DFDD2268E3BE00A6A45E /* Debug */,
				F944DFDE2268E3BE00A6A45E /* Release */,
			);
			defaultConfigurationIsVisible = 0;
			defaultConfigurationName = Release;
		};
		F944DFDF2268E3BE00A6A45E /* Build configuration list for PBXNativeTarget "purinmap" */ = {
			isa = XCConfigurationList;
			buildConfigurations = (
				F944DFE02268E3BE00A6A45E /* Debug */,
				F944DFE12268E3BE00A6A45E /* Release */,
			);
			defaultConfigurationIsVisible = 0;
			defaultConfigurationName = Release;
		};
		F944DFE22268E3BE00A6A45E /* Build configuration list for PBXNativeTarget "purinmapTests" */ = {
			isa = XCConfigurationList;
			buildConfigurations = (
				F944DFE32268E3BE00A6A45E /* Debug */,
				F944DFE42268E3BE00A6A45E /* Release */,
			);
			defaultConfigurationIsVisible = 0;
			defaultConfigurationName = Release;
		};
		F944DFE52268E3BE00A6A45E /* Build configuration list for PBXNativeTarget "purinmapUITests" */ = {
			isa = XCConfigurationList;
			buildConfigurations = (
				F944DFE62268E3BE00A6A45E /* Debug */,
				F944DFE72268E3BE00A6A45E /* Release */,
			);
			defaultConfigurationIsVisible = 0;
			defaultConfigurationName = Release;
		};
/* End XCConfigurationList section */
	};
	rootObject = F944DFAF2268E3BB00A6A45E /* Project object */;
}
